
Microsoft Visual Studio Solution File, Format Version 12.00
# Visual Studio Version 17
VisualStudioVersion = 17.10.35122.118
MinimumVisualStudioVersion = 10.0.40219.1
Project("{FAE04EC0-301F-11D3-BF4B-00C04F79EFBC}") = "C# mini-project Credit Card validator", "C# mini-project Credit Card validator\C# mini-project Credit Card validator.csproj", "{703F921B-B916-414F-8725-942411842C14}"
EndProject
Global
	GlobalSection(SolutionConfigurationPlatforms) = preSolution
		Debug|Any CPU = Debug|Any CPU
		Release|Any CPU = Release|Any CPU
	EndGlobalSection
	GlobalSection(ProjectConfigurationPlatforms) = postSolution
		{703F921B-B916-414F-8725-942411842C14}.Debug|Any CPU.ActiveCfg = Debug|Any CPU
		{703F921B-B916-414F-8725-942411842C14}.Debug|Any CPU.Build.0 = Debug|Any CPU
		{703F921B-B916-414F-8725-942411842C14}.Release|Any CPU.ActiveCfg = Release|Any CPU
		{703F921B-B916-414F-8725-942411842C14}.Release|Any CPU.Build.0 = Release|Any CPU
	EndGlobalSection
	GlobalSection(SolutionProperties) = preSolution
		HideSolutionNode = FALSE
	EndGlobalSection
	GlobalSection(ExtensibilityGlobals) = postSolution
		SolutionGuid = {64D47C27-4DF5-49F8-90C5-0B0E5D74DDBF}
	EndGlobalSection
EndGlobal
