
Microsoft Visual Studio Solution File, Format Version 12.00
# Visual Studio Version 17
VisualStudioVersion = 17.10.35122.118
MinimumVisualStudioVersion = 10.0.40219.1
Project("{FAE04EC0-301F-11D3-BF4B-00C04F79EFBC}") = "C# mini-project random number generator", "C# mini-project random number generator\C# mini-project random number generator.csproj", "{9C7325FB-9347-4947-822F-06FD14FE9B91}"
EndProject
Global
	GlobalSection(SolutionConfigurationPlatforms) = preSolution
		Debug|Any CPU = Debug|Any CPU
		Release|Any CPU = Release|Any CPU
	EndGlobalSection
	GlobalSection(ProjectConfigurationPlatforms) = postSolution
		{9C7325FB-9347-4947-822F-06FD14FE9B91}.Debug|Any CPU.ActiveCfg = Debug|Any CPU
		{9C7325FB-9347-4947-822F-06FD14FE9B91}.Debug|Any CPU.Build.0 = Debug|Any CPU
		{9C7325FB-9347-4947-822F-06FD14FE9B91}.Release|Any CPU.ActiveCfg = Release|Any CPU
		{9C7325FB-9347-4947-822F-06FD14FE9B91}.Release|Any CPU.Build.0 = Release|Any CPU
	EndGlobalSection
	GlobalSection(SolutionProperties) = preSolution
		HideSolutionNode = FALSE
	EndGlobalSection
	GlobalSection(ExtensibilityGlobals) = postSolution
		SolutionGuid = {F0520B56-FED4-45F8-A009-0C48C363B964}
	EndGlobalSection
EndGlobal
